// !$*UTF8*$!
{
	archiveVersion = 1;
	classes = {
	};
	objectVersion = 50;
	objects = {

/* Begin PBXBuildFile section */
		AA47AE25269EC3AC00D3129E /* AppDelegate.swift in Sources */ = {isa = PBXBuildFile; fileRef = AA47AE24269EC3AC00D3129E /* AppDelegate.swift */; };
		AA47AE29269EC3AC00D3129E /* ForecastListViewController.swift in Sources */ = {isa = PBXBuildFile; fileRef = AA47AE28269EC3AC00D3129E /* ForecastListViewController.swift */; };
		AA47AE2C269EC3AC00D3129E /* Main.storyboard in Resources */ = {isa = PBXBuildFile; fileRef = AA47AE2A269EC3AC00D3129E /* Main.storyboard */; };
		AA47AE2E269EC3AF00D3129E /* Assets.xcassets in Resources */ = {isa = PBXBuildFile; fileRef = AA47AE2D269EC3AF00D3129E /* Assets.xcassets */; };
		AA47AE31269EC3AF00D3129E /* LaunchScreen.storyboard in Resources */ = {isa = PBXBuildFile; fileRef = AA47AE2F269EC3AF00D3129E /* LaunchScreen.storyboard */; };
		AA47AE47269EC3AF00D3129E /* ParisWeatherUITests.swift in Sources */ = {isa = PBXBuildFile; fileRef = AA47AE46269EC3AF00D3129E /* ParisWeatherUITests.swift */; };
		AA47AE62269EC82B00D3129E /* DailyForeCastEntity.swift in Sources */ = {isa = PBXBuildFile; fileRef = AA47AE61269EC82B00D3129E /* DailyForeCastEntity.swift */; };
		AA47AE69269EC90B00D3129E /* DailyForeCastService.swift in Sources */ = {isa = PBXBuildFile; fileRef = AA47AE68269EC90B00D3129E /* DailyForeCastService.swift */; };
		AA47AE6F269ED7C500D3129E /* DailyForeCastRepository.swift in Sources */ = {isa = PBXBuildFile; fileRef = AA47AE6E269ED7C500D3129E /* DailyForeCastRepository.swift */; };
		AA47AE7A269EDBD100D3129E /* DailyForeCastRepositoryTest.swift in Sources */ = {isa = PBXBuildFile; fileRef = AA47AE79269EDBD100D3129E /* DailyForeCastRepositoryTest.swift */; };
		AA47AE8B269EDD1000D3129E /* dailyForeCastResponseSuccess.json in Resources */ = {isa = PBXBuildFile; fileRef = AA47AE8A269EDD1000D3129E /* dailyForeCastResponseSuccess.json */; };
		AA47AE95269EDE6B00D3129E /* DailyForeCastServiceMock.swift in Sources */ = {isa = PBXBuildFile; fileRef = AA47AE94269EDE6B00D3129E /* DailyForeCastServiceMock.swift */; };
		AA47AEA5269EE15E00D3129E /* TestUtils.swift in Sources */ = {isa = PBXBuildFile; fileRef = AA47AEA0269EDFD300D3129E /* TestUtils.swift */; };
		AA47AED3269EE79D00D3129E /* TestUtils.swift in Sources */ = {isa = PBXBuildFile; fileRef = AA47AEA0269EDFD300D3129E /* TestUtils.swift */; };
		AA47AEEA26A71C4A00D3129E /* dailyForeCastResponseSuccess.json in Resources */ = {isa = PBXBuildFile; fileRef = AA47AE8A269EDD1000D3129E /* dailyForeCastResponseSuccess.json */; };
		AA47AEEF26A7228800D3129E /* dailyForeCastResponseFailure.json in Resources */ = {isa = PBXBuildFile; fileRef = AA47AEEE26A7228800D3129E /* dailyForeCastResponseFailure.json */; };
		AA47AEF626A7228D00D3129E /* dailyForeCastResponseFailure.json in Resources */ = {isa = PBXBuildFile; fileRef = AA47AEEE26A7228800D3129E /* dailyForeCastResponseFailure.json */; };
		AA47AEFF26A72DF400D3129E /* ForecastListViewModel.swift in Sources */ = {isa = PBXBuildFile; fileRef = AA47AEFE26A72DF400D3129E /* ForecastListViewModel.swift */; };
		AA47AF0A26A7386800D3129E /* Utils.swift in Sources */ = {isa = PBXBuildFile; fileRef = AA47AF0926A7386800D3129E /* Utils.swift */; };
		AA47AF1C26A73F5C00D3129E /* ForecastTableViewCell.swift in Sources */ = {isa = PBXBuildFile; fileRef = AA47AF1B26A73F5C00D3129E /* ForecastTableViewCell.swift */; };
		AA47AF2126A73FF000D3129E /* ForecasttableViewDataSource.swift in Sources */ = {isa = PBXBuildFile; fileRef = AA47AF2026A73FF000D3129E /* ForecasttableViewDataSource.swift */; };
		AA47AF2B26A741B600D3129E /* Dispatcher.swift in Sources */ = {isa = PBXBuildFile; fileRef = AA47AF2A26A741B600D3129E /* Dispatcher.swift */; };
/* End PBXBuildFile section */

/* Begin PBXContainerItemProxy section */
		AA47AE38269EC3AF00D3129E /* PBXContainerItemProxy */ = {
			isa = PBXContainerItemProxy;
			containerPortal = AA47AE19269EC3AC00D3129E /* Project object */;
			proxyType = 1;
			remoteGlobalIDString = AA47AE20269EC3AC00D3129E;
			remoteInfo = ParisWeather;
		};
		AA47AE43269EC3AF00D3129E /* PBXContainerItemProxy */ = {
			isa = PBXContainerItemProxy;
			containerPortal = AA47AE19269EC3AC00D3129E /* Project object */;
			proxyType = 1;
			remoteGlobalIDString = AA47AE20269EC3AC00D3129E;
			remoteInfo = ParisWeather;
		};
/* End PBXContainerItemProxy section */

/* Begin PBXFileReference section */
		AA47AE21269EC3AC00D3129E /* ParisWeather.app */ = {isa = PBXFileReference; explicitFileType = wrapper.application; includeInIndex = 0; path = ParisWeather.app; sourceTree = BUILT_PRODUCTS_DIR; };
		AA47AE24269EC3AC00D3129E /* AppDelegate.swift */ = {isa = PBXFileReference; lastKnownFileType = sourcecode.swift; path = AppDelegate.swift; sourceTree = "<group>"; };
		AA47AE28269EC3AC00D3129E /* ForecastListViewController.swift */ = {isa = PBXFileReference; lastKnownFileType = sourcecode.swift; path = ForecastListViewController.swift; sourceTree = "<group>"; };
		AA47AE2B269EC3AC00D3129E /* Base */ = {isa = PBXFileReference; lastKnownFileType = file.storyboard; name = Base; path = Base.lproj/Main.storyboard; sourceTree = "<group>"; };
		AA47AE2D269EC3AF00D3129E /* Assets.xcassets */ = {isa = PBXFileReference; lastKnownFileType = folder.assetcatalog; path = Assets.xcassets; sourceTree = "<group>"; };
		AA47AE30269EC3AF00D3129E /* Base */ = {isa = PBXFileReference; lastKnownFileType = file.storyboard; name = Base; path = Base.lproj/LaunchScreen.storyboard; sourceTree = "<group>"; };
		AA47AE32269EC3AF00D3129E /* Info.plist */ = {isa = PBXFileReference; lastKnownFileType = text.plist.xml; path = Info.plist; sourceTree = "<group>"; };
		AA47AE37269EC3AF00D3129E /* ParisWeatherTests.xctest */ = {isa = PBXFileReference; explicitFileType = wrapper.cfbundle; includeInIndex = 0; path = ParisWeatherTests.xctest; sourceTree = BUILT_PRODUCTS_DIR; };
		AA47AE3D269EC3AF00D3129E /* Info.plist */ = {isa = PBXFileReference; lastKnownFileType = text.plist.xml; path = Info.plist; sourceTree = "<group>"; };
		AA47AE42269EC3AF00D3129E /* ParisWeatherUITests.xctest */ = {isa = PBXFileReference; explicitFileType = wrapper.cfbundle; includeInIndex = 0; path = ParisWeatherUITests.xctest; sourceTree = BUILT_PRODUCTS_DIR; };
		AA47AE46269EC3AF00D3129E /* ParisWeatherUITests.swift */ = {isa = PBXFileReference; lastKnownFileType = sourcecode.swift; path = ParisWeatherUITests.swift; sourceTree = "<group>"; };
		AA47AE48269EC3AF00D3129E /* Info.plist */ = {isa = PBXFileReference; lastKnownFileType = text.plist.xml; path = Info.plist; sourceTree = "<group>"; };
		AA47AE61269EC82B00D3129E /* DailyForeCastEntity.swift */ = {isa = PBXFileReference; lastKnownFileType = sourcecode.swift; path = DailyForeCastEntity.swift; sourceTree = "<group>"; };
		AA47AE68269EC90B00D3129E /* DailyForeCastService.swift */ = {isa = PBXFileReference; lastKnownFileType = sourcecode.swift; path = DailyForeCastService.swift; sourceTree = "<group>"; };
		AA47AE6E269ED7C500D3129E /* DailyForeCastRepository.swift */ = {isa = PBXFileReference; lastKnownFileType = sourcecode.swift; path = DailyForeCastRepository.swift; sourceTree = "<group>"; };
		AA47AE79269EDBD100D3129E /* DailyForeCastRepositoryTest.swift */ = {isa = PBXFileReference; lastKnownFileType = sourcecode.swift; path = DailyForeCastRepositoryTest.swift; sourceTree = "<group>"; };
		AA47AE8A269EDD1000D3129E /* dailyForeCastResponseSuccess.json */ = {isa = PBXFileReference; fileEncoding = 4; lastKnownFileType = text.json; path = dailyForeCastResponseSuccess.json; sourceTree = "<group>"; };
		AA47AE94269EDE6B00D3129E /* DailyForeCastServiceMock.swift */ = {isa = PBXFileReference; lastKnownFileType = sourcecode.swift; path = DailyForeCastServiceMock.swift; sourceTree = "<group>"; };
		AA47AEA0269EDFD300D3129E /* TestUtils.swift */ = {isa = PBXFileReference; lastKnownFileType = sourcecode.swift; path = TestUtils.swift; sourceTree = "<group>"; };
		AA47AEEE26A7228800D3129E /* dailyForeCastResponseFailure.json */ = {isa = PBXFileReference; fileEncoding = 4; lastKnownFileType = text.json; path = dailyForeCastResponseFailure.json; sourceTree = "<group>"; };
		AA47AEFE26A72DF400D3129E /* ForecastListViewModel.swift */ = {isa = PBXFileReference; lastKnownFileType = sourcecode.swift; path = ForecastListViewModel.swift; sourceTree = "<group>"; };
		AA47AF0926A7386800D3129E /* Utils.swift */ = {isa = PBXFileReference; lastKnownFileType = sourcecode.swift; path = Utils.swift; sourceTree = "<group>"; };
		AA47AF1B26A73F5C00D3129E /* ForecastTableViewCell.swift */ = {isa = PBXFileReference; lastKnownFileType = sourcecode.swift; path = ForecastTableViewCell.swift; sourceTree = "<group>"; };
		AA47AF2026A73FF000D3129E /* ForecasttableViewDataSource.swift */ = {isa = PBXFileReference; lastKnownFileType = sourcecode.swift; path = ForecasttableViewDataSource.swift; sourceTree = "<group>"; };
		AA47AF2A26A741B600D3129E /* Dispatcher.swift */ = {isa = PBXFileReference; lastKnownFileType = sourcecode.swift; path = Dispatcher.swift; sourceTree = "<group>"; };
/* End PBXFileReference section */

/* Begin PBXFrameworksBuildPhase section */
		AA47AE1E269EC3AC00D3129E /* Frameworks */ = {
			isa = PBXFrameworksBuildPhase;
			buildActionMask = 2147483647;
			files = (
			);
			runOnlyForDeploymentPostprocessing = 0;
		};
		AA47AE34269EC3AF00D3129E /* Frameworks */ = {
			isa = PBXFrameworksBuildPhase;
			buildActionMask = 2147483647;
			files = (
			);
			runOnlyForDeploymentPostprocessing = 0;
		};
		AA47AE3F269EC3AF00D3129E /* Frameworks */ = {
			isa = PBXFrameworksBuildPhase;
			buildActionMask = 2147483647;
			files = (
			);
			runOnlyForDeploymentPostprocessing = 0;
		};
/* End PBXFrameworksBuildPhase section */

/* Begin PBXGroup section */
		AA47AE18269EC3AC00D3129E = {
			isa = PBXGroup;
			children = (
				AA47AE23269EC3AC00D3129E /* ParisWeather */,
				AA47AE3A269EC3AF00D3129E /* ParisWeatherTests */,
				AA47AE45269EC3AF00D3129E /* ParisWeatherUITests */,
				AA47AE22269EC3AC00D3129E /* Products */,
			);
			sourceTree = "<group>";
		};
		AA47AE22269EC3AC00D3129E /* Products */ = {
			isa = PBXGroup;
			children = (
				AA47AE21269EC3AC00D3129E /* ParisWeather.app */,
				AA47AE37269EC3AF00D3129E /* ParisWeatherTests.xctest */,
				AA47AE42269EC3AF00D3129E /* ParisWeatherUITests.xctest */,
			);
			name = Products;
			sourceTree = "<group>";
		};
		AA47AE23269EC3AC00D3129E /* ParisWeather */ = {
			isa = PBXGroup;
			children = (
				AA47AE24269EC3AC00D3129E /* AppDelegate.swift */,
				AA47AF2526A7401D00D3129E /* ViewCoontrollers */,
				AA47AF1A26A73F4800D3129E /* Views */,
				AA47AEFD26A72CBD00D3129E /* ViewModels */,
				AA47AE6D269ED7A500D3129E /* Repository */,
				AA47AE60269EC7D000D3129E /* Services */,
				AA47AE2A269EC3AC00D3129E /* Main.storyboard */,
				AA47AE2F269EC3AF00D3129E /* LaunchScreen.storyboard */,
				AA47AE32269EC3AF00D3129E /* Info.plist */,
				AA47AE2D269EC3AF00D3129E /* Assets.xcassets */,
				AA47AF2926A7418900D3129E /* Utilities */,
			);
			path = ParisWeather;
			sourceTree = "<group>";
		};
		AA47AE3A269EC3AF00D3129E /* ParisWeatherTests */ = {
			isa = PBXGroup;
			children = (
				AA47AE93269EDDC800D3129E /* Mock */,
				AA47AE92269EDD1B00D3129E /* Json */,
				AA47AE79269EDBD100D3129E /* DailyForeCastRepositoryTest.swift */,
				AA47AE3D269EC3AF00D3129E /* Info.plist */,
				AA47AEA0269EDFD300D3129E /* TestUtils.swift */,
			);
			path = ParisWeatherTests;
			sourceTree = "<group>";
		};
		AA47AE45269EC3AF00D3129E /* ParisWeatherUITests */ = {
			isa = PBXGroup;
			children = (
				AA47AE46269EC3AF00D3129E /* ParisWeatherUITests.swift */,
				AA47AE48269EC3AF00D3129E /* Info.plist */,
			);
			path = ParisWeatherUITests;
			sourceTree = "<group>";
		};
		AA47AE60269EC7D000D3129E /* Services */ = {
			isa = PBXGroup;
			children = (
				AA47AE66269EC8E700D3129E /* Models */,
				AA47AE68269EC90B00D3129E /* DailyForeCastService.swift */,
			);
			path = Services;
			sourceTree = "<group>";
		};
		AA47AE66269EC8E700D3129E /* Models */ = {
			isa = PBXGroup;
			children = (
				AA47AE61269EC82B00D3129E /* DailyForeCastEntity.swift */,
			);
			path = Models;
			sourceTree = "<group>";
		};
		AA47AE6D269ED7A500D3129E /* Repository */ = {
			isa = PBXGroup;
			children = (
				AA47AE6E269ED7C500D3129E /* DailyForeCastRepository.swift */,
			);
			path = Repository;
			sourceTree = "<group>";
		};
		AA47AE92269EDD1B00D3129E /* Json */ = {
			isa = PBXGroup;
			children = (
				AA47AEEE26A7228800D3129E /* dailyForeCastResponseFailure.json */,
				AA47AE8A269EDD1000D3129E /* dailyForeCastResponseSuccess.json */,
			);
			path = Json;
			sourceTree = "<group>";
		};
		AA47AE93269EDDC800D3129E /* Mock */ = {
			isa = PBXGroup;
			children = (
				AA47AE94269EDE6B00D3129E /* DailyForeCastServiceMock.swift */,
			);
			path = Mock;
			sourceTree = "<group>";
		};
		AA47AEFD26A72CBD00D3129E /* ViewModels */ = {
			isa = PBXGroup;
			children = (
				AA47AEFE26A72DF400D3129E /* ForecastListViewModel.swift */,
				AA47AF2026A73FF000D3129E /* ForecasttableViewDataSource.swift */,
			);
			path = ViewModels;
			sourceTree = "<group>";
		};
		AA47AF1A26A73F4800D3129E /* Views */ = {
			isa = PBXGroup;
			children = (
				AA47AF1B26A73F5C00D3129E /* ForecastTableViewCell.swift */,
			);
			path = Views;
			sourceTree = "<group>";
		};
		AA47AF2526A7401D00D3129E /* ViewCoontrollers */ = {
			isa = PBXGroup;
			children = (
				AA47AE28269EC3AC00D3129E /* ForecastListViewController.swift */,
			);
			path = ViewCoontrollers;
			sourceTree = "<group>";
		};
		AA47AF2926A7418900D3129E /* Utilities */ = {
			isa = PBXGroup;
			children = (
				AA47AF0926A7386800D3129E /* Utils.swift */,
				AA47AF2A26A741B600D3129E /* Dispatcher.swift */,
			);
			path = Utilities;
			sourceTree = "<group>";
		};
/* End PBXGroup section */

/* Begin PBXNativeTarget section */
		AA47AE20269EC3AC00D3129E /* ParisWeather */ = {
			isa = PBXNativeTarget;
			buildConfigurationList = AA47AE4B269EC3AF00D3129E /* Build configuration list for PBXNativeTarget "ParisWeather" */;
			buildPhases = (
				AA47AE1D269EC3AC00D3129E /* Sources */,
				AA47AE1E269EC3AC00D3129E /* Frameworks */,
				AA47AE1F269EC3AC00D3129E /* Resources */,
			);
			buildRules = (
			);
			dependencies = (
			);
			name = ParisWeather;
			productName = ParisWeather;
			productReference = AA47AE21269EC3AC00D3129E /* ParisWeather.app */;
			productType = "com.apple.product-type.application";
		};
		AA47AE36269EC3AF00D3129E /* ParisWeatherTests */ = {
			isa = PBXNativeTarget;
			buildConfigurationList = AA47AE4E269EC3AF00D3129E /* Build configuration list for PBXNativeTarget "ParisWeatherTests" */;
			buildPhases = (
				AA47AE33269EC3AF00D3129E /* Sources */,
				AA47AE34269EC3AF00D3129E /* Frameworks */,
				AA47AE35269EC3AF00D3129E /* Resources */,
			);
			buildRules = (
			);
			dependencies = (
				AA47AE39269EC3AF00D3129E /* PBXTargetDependency */,
			);
			name = ParisWeatherTests;
			productName = ParisWeatherTests;
			productReference = AA47AE37269EC3AF00D3129E /* ParisWeatherTests.xctest */;
			productType = "com.apple.product-type.bundle.unit-test";
		};
		AA47AE41269EC3AF00D3129E /* ParisWeatherUITests */ = {
			isa = PBXNativeTarget;
			buildConfigurationList = AA47AE51269EC3AF00D3129E /* Build configuration list for PBXNativeTarget "ParisWeatherUITests" */;
			buildPhases = (
				AA47AE3E269EC3AF00D3129E /* Sources */,
				AA47AE3F269EC3AF00D3129E /* Frameworks */,
				AA47AE40269EC3AF00D3129E /* Resources */,
			);
			buildRules = (
			);
			dependencies = (
				AA47AE44269EC3AF00D3129E /* PBXTargetDependency */,
			);
			name = ParisWeatherUITests;
			productName = ParisWeatherUITests;
			productReference = AA47AE42269EC3AF00D3129E /* ParisWeatherUITests.xctest */;
			productType = "com.apple.product-type.bundle.ui-testing";
		};
/* End PBXNativeTarget section */

/* Begin PBXProject section */
		AA47AE19269EC3AC00D3129E /* Project object */ = {
			isa = PBXProject;
			attributes = {
				LastSwiftUpdateCheck = 1240;
				LastUpgradeCheck = 1240;
				TargetAttributes = {
					AA47AE20269EC3AC00D3129E = {
						CreatedOnToolsVersion = 12.4;
					};
					AA47AE36269EC3AF00D3129E = {
						CreatedOnToolsVersion = 12.4;
						TestTargetID = AA47AE20269EC3AC00D3129E;
					};
					AA47AE41269EC3AF00D3129E = {
						CreatedOnToolsVersion = 12.4;
						TestTargetID = AA47AE20269EC3AC00D3129E;
					};
				};
			};
			buildConfigurationList = AA47AE1C269EC3AC00D3129E /* Build configuration list for PBXProject "ParisWeather" */;
			compatibilityVersion = "Xcode 9.3";
			developmentRegion = en;
			hasScannedForEncodings = 0;
			knownRegions = (
				en,
				Base,
			);
			mainGroup = AA47AE18269EC3AC00D3129E;
			productRefGroup = AA47AE22269EC3AC00D3129E /* Products */;
			projectDirPath = "";
			projectRoot = "";
			targets = (
				AA47AE20269EC3AC00D3129E /* ParisWeather */,
				AA47AE36269EC3AF00D3129E /* ParisWeatherTests */,
				AA47AE41269EC3AF00D3129E /* ParisWeatherUITests */,
			);
		};
/* End PBXProject section */

/* Begin PBXResourcesBuildPhase section */
		AA47AE1F269EC3AC00D3129E /* Resources */ = {
			isa = PBXResourcesBuildPhase;
			buildActionMask = 2147483647;
			files = (
				AA47AE31269EC3AF00D3129E /* LaunchScreen.storyboard in Resources */,
				AA47AE2E269EC3AF00D3129E /* Assets.xcassets in Resources */,
				AA47AE2C269EC3AC00D3129E /* Main.storyboard in Resources */,
				AA47AEEA26A71C4A00D3129E /* dailyForeCastResponseSuccess.json in Resources */,
				AA47AEF626A7228D00D3129E /* dailyForeCastResponseFailure.json in Resources */,
			);
			runOnlyForDeploymentPostprocessing = 0;
		};
		AA47AE35269EC3AF00D3129E /* Resources */ = {
			isa = PBXResourcesBuildPhase;
			buildActionMask = 2147483647;
			files = (
				AA47AE8B269EDD1000D3129E /* dailyForeCastResponseSuccess.json in Resources */,
				AA47AEEF26A7228800D3129E /* dailyForeCastResponseFailure.json in Resources */,
			);
			runOnlyForDeploymentPostprocessing = 0;
		};
		AA47AE40269EC3AF00D3129E /* Resources */ = {
			isa = PBXResourcesBuildPhase;
			buildActionMask = 2147483647;
			files = (
			);
			runOnlyForDeploymentPostprocessing = 0;
		};
/* End PBXResourcesBuildPhase section */

/* Begin PBXSourcesBuildPhase section */
		AA47AE1D269EC3AC00D3129E /* Sources */ = {
			isa = PBXSourcesBuildPhase;
			buildActionMask = 2147483647;
			files = (
				AA47AE69269EC90B00D3129E /* DailyForeCastService.swift in Sources */,
				AA47AEFF26A72DF400D3129E /* ForecastListViewModel.swift in Sources */,
				AA47AE62269EC82B00D3129E /* DailyForeCastEntity.swift in Sources */,
				AA47AF2126A73FF000D3129E /* ForecasttableViewDataSource.swift in Sources */,
				AA47AE29269EC3AC00D3129E /* ForecastListViewController.swift in Sources */,
				AA47AE25269EC3AC00D3129E /* AppDelegate.swift in Sources */,
				AA47AEA5269EE15E00D3129E /* TestUtils.swift in Sources */,
				AA47AF2B26A741B600D3129E /* Dispatcher.swift in Sources */,
				AA47AF1C26A73F5C00D3129E /* ForecastTableViewCell.swift in Sources */,
				AA47AE6F269ED7C500D3129E /* DailyForeCastRepository.swift in Sources */,
				AA47AF0A26A7386800D3129E /* Utils.swift in Sources */,
			);
			runOnlyForDeploymentPostprocessing = 0;
		};
		AA47AE33269EC3AF00D3129E /* Sources */ = {
			isa = PBXSourcesBuildPhase;
			buildActionMask = 2147483647;
			files = (
				AA47AE95269EDE6B00D3129E /* DailyForeCastServiceMock.swift in Sources */,
				AA47AE7A269EDBD100D3129E /* DailyForeCastRepositoryTest.swift in Sources */,
				AA47AED3269EE79D00D3129E /* TestUtils.swift in Sources */,
			);
			runOnlyForDeploymentPostprocessing = 0;
		};
		AA47AE3E269EC3AF00D3129E /* Sources */ = {
			isa = PBXSourcesBuildPhase;
			buildActionMask = 2147483647;
			files = (
				AA47AE47269EC3AF00D3129E /* ParisWeatherUITests.swift in Sources */,
			);
			runOnlyForDeploymentPostprocessing = 0;
		};
/* End PBXSourcesBuildPhase section */

/* Begin PBXTargetDependency section */
		AA47AE39269EC3AF00D3129E /* PBXTargetDependency */ = {
			isa = PBXTargetDependency;
			target = AA47AE20269EC3AC00D3129E /* ParisWeather */;
			targetProxy = AA47AE38269EC3AF00D3129E /* PBXContainerItemProxy */;
		};
		AA47AE44269EC3AF00D3129E /* PBXTargetDependency */ = {
			isa = PBXTargetDependency;
			target = AA47AE20269EC3AC00D3129E /* ParisWeather */;
			targetProxy = AA47AE43269EC3AF00D3129E /* PBXContainerItemProxy */;
		};
/* End PBXTargetDependency section */

/* Begin PBXVariantGroup section */
		AA47AE2A269EC3AC00D3129E /* Main.storyboard */ = {
			isa = PBXVariantGroup;
			children = (
				AA47AE2B269EC3AC00D3129E /* Base */,
			);
			name = Main.storyboard;
			sourceTree = "<group>";
		};
		AA47AE2F269EC3AF00D3129E /* LaunchScreen.storyboard */ = {
			isa = PBXVariantGroup;
			children = (
				AA47AE30269EC3AF00D3129E /* Base */,
			);
			name = LaunchScreen.storyboard;
			sourceTree = "<group>";
		};
/* End PBXVariantGroup section */

/* Begin XCBuildConfiguration section */
		AA47AE49269EC3AF00D3129E /* Debug */ = {
			isa = XCBuildConfiguration;
			buildSettings = {
				ALWAYS_SEARCH_USER_PATHS = NO;
				CLANG_ANALYZER_NONNULL = YES;
				CLANG_ANALYZER_NUMBER_OBJECT_CONVERSION = YES_AGGRESSIVE;
				CLANG_CXX_LANGUAGE_STANDARD = "gnu++14";
				CLANG_CXX_LIBRARY = "libc++";
				CLANG_ENABLE_MODULES = YES;
				CLANG_ENABLE_OBJC_ARC = YES;
				CLANG_ENABLE_OBJC_WEAK = YES;
				CLANG_WARN_BLOCK_CAPTURE_AUTORELEASING = YES;
				CLANG_WARN_BOOL_CONVERSION = YES;
				CLANG_WARN_COMMA = YES;
				CLANG_WARN_CONSTANT_CONVERSION = YES;
				CLANG_WARN_DEPRECATED_OBJC_IMPLEMENTATIONS = YES;
				CLANG_WARN_DIRECT_OBJC_ISA_USAGE = YES_ERROR;
				CLANG_WARN_DOCUMENTATION_COMMENTS = YES;
				CLANG_WARN_EMPTY_BODY = YES;
				CLANG_WARN_ENUM_CONVERSION = YES;
				CLANG_WARN_INFINITE_RECURSION = YES;
				CLANG_WARN_INT_CONVERSION = YES;
				CLANG_WARN_NON_LITERAL_NULL_CONVERSION = YES;
				CLANG_WARN_OBJC_IMPLICIT_RETAIN_SELF = YES;
				CLANG_WARN_OBJC_LITERAL_CONVERSION = YES;
				CLANG_WARN_OBJC_ROOT_CLASS = YES_ERROR;
				CLANG_WARN_QUOTED_INCLUDE_IN_FRAMEWORK_HEADER = YES;
				CLANG_WARN_RANGE_LOOP_ANALYSIS = YES;
				CLANG_WARN_STRICT_PROTOTYPES = YES;
				CLANG_WARN_SUSPICIOUS_MOVE = YES;
				CLANG_WARN_UNGUARDED_AVAILABILITY = YES_AGGRESSIVE;
				CLANG_WARN_UNREACHABLE_CODE = YES;
				CLANG_WARN__DUPLICATE_METHOD_MATCH = YES;
				COPY_PHASE_STRIP = NO;
				DEBUG_INFORMATION_FORMAT = dwarf;
				ENABLE_STRICT_OBJC_MSGSEND = YES;
				ENABLE_TESTABILITY = YES;
				GCC_C_LANGUAGE_STANDARD = gnu11;
				GCC_DYNAMIC_NO_PIC = NO;
				GCC_NO_COMMON_BLOCKS = YES;
				GCC_OPTIMIZATION_LEVEL = 0;
				GCC_PREPROCESSOR_DEFINITIONS = (
					"DEBUG=1",
					"$(inherited)",
				);
				GCC_WARN_64_TO_32_BIT_CONVERSION = YES;
				GCC_WARN_ABOUT_RETURN_TYPE = YES_ERROR;
				GCC_WARN_UNDECLARED_SELECTOR = YES;
				GCC_WARN_UNINITIALIZED_AUTOS = YES_AGGRESSIVE;
				GCC_WARN_UNUSED_FUNCTION = YES;
				GCC_WARN_UNUSED_VARIABLE = YES;
				IPHONEOS_DEPLOYMENT_TARGET = 11.0;
				MTL_ENABLE_DEBUG_INFO = INCLUDE_SOURCE;
				MTL_FAST_MATH = YES;
				ONLY_ACTIVE_ARCH = YES;
				SDKROOT = iphoneos;
				SWIFT_ACTIVE_COMPILATION_CONDITIONS = DEBUG;
				SWIFT_OPTIMIZATION_LEVEL = "-Onone";
			};
			name = Debug;
		};
		AA47AE4A269EC3AF00D3129E /* Release */ = {
			isa = XCBuildConfiguration;
			buildSettings = {
				ALWAYS_SEARCH_USER_PATHS = NO;
				CLANG_ANALYZER_NONNULL = YES;
				CLANG_ANALYZER_NUMBER_OBJECT_CONVERSION = YES_AGGRESSIVE;
				CLANG_CXX_LANGUAGE_STANDARD = "gnu++14";
				CLANG_CXX_LIBRARY = "libc++";
				CLANG_ENABLE_MODULES = YES;
				CLANG_ENABLE_OBJC_ARC = YES;
				CLANG_ENABLE_OBJC_WEAK = YES;
				CLANG_WARN_BLOCK_CAPTURE_AUTORELEASING = YES;
				CLANG_WARN_BOOL_CONVERSION = YES;
				CLANG_WARN_COMMA = YES;
				CLANG_WARN_CONSTANT_CONVERSION = YES;
				CLANG_WARN_DEPRECATED_OBJC_IMPLEMENTATIONS = YES;
				CLANG_WARN_DIRECT_OBJC_ISA_USAGE = YES_ERROR;
				CLANG_WARN_DOCUMENTATION_COMMENTS = YES;
				CLANG_WARN_EMPTY_BODY = YES;
				CLANG_WARN_ENUM_CONVERSION = YES;
				CLANG_WARN_INFINITE_RECURSION = YES;
				CLANG_WARN_INT_CONVERSION = YES;
				CLANG_WARN_NON_LITERAL_NULL_CONVERSION = YES;
				CLANG_WARN_OBJC_IMPLICIT_RETAIN_SELF = YES;
				CLANG_WARN_OBJC_LITERAL_CONVERSION = YES;
				CLANG_WARN_OBJC_ROOT_CLASS = YES_ERROR;
				CLANG_WARN_QUOTED_INCLUDE_IN_FRAMEWORK_HEADER = YES;
				CLANG_WARN_RANGE_LOOP_ANALYSIS = YES;
				CLANG_WARN_STRICT_PROTOTYPES = YES;
				CLANG_WARN_SUSPICIOUS_MOVE = YES;
				CLANG_WARN_UNGUARDED_AVAILABILITY = YES_AGGRESSIVE;
				CLANG_WARN_UNREACHABLE_CODE = YES;
				CLANG_WARN__DUPLICATE_METHOD_MATCH = YES;
				COPY_PHASE_STRIP = NO;
				DEBUG_INFORMATION_FORMAT = "dwarf-with-dsym";
				ENABLE_NS_ASSERTIONS = NO;
				ENABLE_STRICT_OBJC_MSGSEND = YES;
				GCC_C_LANGUAGE_STANDARD = gnu11;
				GCC_NO_COMMON_BLOCKS = YES;
				GCC_WARN_64_TO_32_BIT_CONVERSION = YES;
				GCC_WARN_ABOUT_RETURN_TYPE = YES_ERROR;
				GCC_WARN_UNDECLARED_SELECTOR = YES;
				GCC_WARN_UNINITIALIZED_AUTOS = YES_AGGRESSIVE;
				GCC_WARN_UNUSED_FUNCTION = YES;
				GCC_WARN_UNUSED_VARIABLE = YES;
				IPHONEOS_DEPLOYMENT_TARGET = 11.0;
				MTL_ENABLE_DEBUG_INFO = NO;
				MTL_FAST_MATH = YES;
				SDKROOT = iphoneos;
				SWIFT_COMPILATION_MODE = wholemodule;
				SWIFT_OPTIMIZATION_LEVEL = "-O";
				VALIDATE_PRODUCT = YES;
			};
			name = Release;
		};
		AA47AE4C269EC3AF00D3129E /* Debug */ = {
			isa = XCBuildConfiguration;
			buildSettings = {
				ASSETCATALOG_COMPILER_APPICON_NAME = AppIcon;
				ASSETCATALOG_COMPILER_GLOBAL_ACCENT_COLOR_NAME = AccentColor;
				CODE_SIGN_STYLE = Automatic;
				INFOPLIST_FILE = ParisWeather/Info.plist;
				IPHONEOS_DEPLOYMENT_TARGET = 11.0;
				LD_RUNPATH_SEARCH_PATHS = (
					"$(inherited)",
					"@executable_path/Frameworks",
				);
				PRODUCT_BUNDLE_IDENTIFIER = com.vc.ParisWeather;
				PRODUCT_NAME = "$(TARGET_NAME)";
				SWIFT_VERSION = 5.0;
				TARGETED_DEVICE_FAMILY = 1;
			};
			name = Debug;
		};
		AA47AE4D269EC3AF00D3129E /* Release */ = {
			isa = XCBuildConfiguration;
			buildSettings = {
				ASSETCATALOG_COMPILER_APPICON_NAME = AppIcon;
				ASSETCATALOG_COMPILER_GLOBAL_ACCENT_COLOR_NAME = AccentColor;
				CODE_SIGN_STYLE = Automatic;
				INFOPLIST_FILE = ParisWeather/Info.plist;
				IPHONEOS_DEPLOYMENT_TARGET = 11.0;
				LD_RUNPATH_SEARCH_PATHS = (
					"$(inherited)",
					"@executable_path/Frameworks",
				);
				PRODUCT_BUNDLE_IDENTIFIER = com.vc.ParisWeather;
				PRODUCT_NAME = "$(TARGET_NAME)";
				SWIFT_VERSION = 5.0;
				TARGETED_DEVICE_FAMILY = 1;
			};
			name = Release;
		};
		AA47AE4F269EC3AF00D3129E /* Debug */ = {
			isa = XCBuildConfiguration;
			buildSettings = {
				ALWAYS_EMBED_SWIFT_STANDARD_LIBRARIES = YES;
				BUNDLE_LOADER = "$(TEST_HOST)";
				CODE_SIGN_STYLE = Automatic;
				INFOPLIST_FILE = ParisWeatherTests/Info.plist;
				IPHONEOS_DEPLOYMENT_TARGET = 11.0;
				LD_RUNPATH_SEARCH_PATHS = (
					"$(inherited)",
					"@executable_path/Frameworks",
					"@loader_path/Frameworks",
				);
				PRODUCT_BUNDLE_IDENTIFIER = com.vc.ParisWeatherTests;
				PRODUCT_NAME = "$(TARGET_NAME)";
				SWIFT_VERSION = 5.0;
				TARGETED_DEVICE_FAMILY = "1,2";
				TEST_HOST = "$(BUILT_PRODUCTS_DIR)/ParisWeather.app/ParisWeather";
			};
			name = Debug;
		};
		AA47AE50269EC3AF00D3129E /* Release */ = {
			isa = XCBuildConfiguration;
			buildSettings = {
				ALWAYS_EMBED_SWIFT_STANDARD_LIBRARIES = YES;
				BUNDLE_LOADER = "$(TEST_HOST)";
				CODE_SIGN_STYLE = Automatic;
				INFOPLIST_FILE = ParisWeatherTests/Info.plist;
				IPHONEOS_DEPLOYMENT_TARGET = 11.0;
				LD_RUNPATH_SEARCH_PATHS = (
					"$(inherited)",
					"@executable_path/Frameworks",
					"@loader_path/Frameworks",
				);
				PRODUCT_BUNDLE_IDENTIFIER = com.vc.ParisWeatherTests;
				PRODUCT_NAME = "$(TARGET_NAME)";
				SWIFT_VERSION = 5.0;
				TARGETED_DEVICE_FAMILY = "1,2";
				TEST_HOST = "$(BUILT_PRODUCTS_DIR)/ParisWeather.app/ParisWeather";
			};
			name = Release;
		};
		AA47AE52269EC3AF00D3129E /* Debug */ = {
			isa = XCBuildConfiguration;
			buildSettings = {
				ALWAYS_EMBED_SWIFT_STANDARD_LIBRARIES = YES;
				CODE_SIGN_STYLE = Automatic;
				INFOPLIST_FILE = ParisWeatherUITests/Info.plist;
				LD_RUNPATH_SEARCH_PATHS = (
					"$(inherited)",
					"@executable_path/Frameworks",
					"@loader_path/Frameworks",
				);
				PRODUCT_BUNDLE_IDENTIFIER = com.vc.ParisWeatherUITests;
				PRODUCT_NAME = "$(TARGET_NAME)";
				SWIFT_VERSION = 5.0;
				TARGETED_DEVICE_FAMILY = "1,2";
				TEST_TARGET_NAME = ParisWeather;
			};
			name = Debug;
		};
		AA47AE53269EC3AF00D3129E /* Release */ = {
			isa = XCBuildConfiguration;
			buildSettings = {
				ALWAYS_EMBED_SWIFT_STANDARD_LIBRARIES = YES;
				CODE_SIGN_STYLE = Automatic;
				INFOPLIST_FILE = ParisWeatherUITests/Info.plist;
				LD_RUNPATH_SEARCH_PATHS = (
					"$(inherited)",
					"@executable_path/Frameworks",
					"@loader_path/Frameworks",
				);
				PRODUCT_BUNDLE_IDENTIFIER = com.vc.ParisWeatherUITests;
				PRODUCT_NAME = "$(TARGET_NAME)";
				SWIFT_VERSION = 5.0;
				TARGETED_DEVICE_FAMILY = "1,2";
				TEST_TARGET_NAME = ParisWeather;
			};
			name = Release;
		};
/* End XCBuildConfiguration section */

/* Begin XCConfigurationList section */
		AA47AE1C269EC3AC00D3129E /* Build configuration list for PBXProject "ParisWeather" */ = {
			isa = XCConfigurationList;
			buildConfigurations = (
				AA47AE49269EC3AF00D3129E /* Debug */,
				AA47AE4A269EC3AF00D3129E /* Release */,
			);
			defaultConfigurationIsVisible = 0;
			defaultConfigurationName = Release;
		};
		AA47AE4B269EC3AF00D3129E /* Build configuration list for PBXNativeTarget "ParisWeather" */ = {
			isa = XCConfigurationList;
			buildConfigurations = (
				AA47AE4C269EC3AF00D3129E /* Debug */,
				AA47AE4D269EC3AF00D3129E /* Release */,
			);
			defaultConfigurationIsVisible = 0;
			defaultConfigurationName = Release;
		};
		AA47AE4E269EC3AF00D3129E /* Build configuration list for PBXNativeTarget "ParisWeatherTests" */ = {
			isa = XCConfigurationList;
			buildConfigurations = (
				AA47AE4F269EC3AF00D3129E /* Debug */,
				AA47AE50269EC3AF00D3129E /* Release */,
			);
			defaultConfigurationIsVisible = 0;
			defaultConfigurationName = Release;
		};
		AA47AE51269EC3AF00D3129E /* Build configuration list for PBXNativeTarget "ParisWeatherUITests" */ = {
			isa = XCConfigurationList;
			buildConfigurations = (
				AA47AE52269EC3AF00D3129E /* Debug */,
				AA47AE53269EC3AF00D3129E /* Release */,
			);
			defaultConfigurationIsVisible = 0;
			defaultConfigurationName = Release;
		};
/* End XCConfigurationList section */
	};
	rootObject = AA47AE19269EC3AC00D3129E /* Project object */;
}
